
Microsoft Visual Studio Solution File, Format Version 12.00
# Visual Studio Version 17
VisualStudioVersion = 17.6.33829.357
MinimumVisualStudioVersion = 10.0.40219.1
Project("{FAE04EC0-301F-11D3-BF4B-00C04F79EFBC}") = "fundooPractice", "fundooPractice\fundooPractice.csproj", "{A05496C0-6798-436B-9C67-FAD627FEC976}"
EndProject
Project("{FAE04EC0-301F-11D3-BF4B-00C04F79EFBC}") = "BusinessLayer", "BusinessLayer\BusinessLayer.csproj", "{8A0AF417-D654-4A47-A903-9E110D8917AC}"
EndProject
Project("{FAE04EC0-301F-11D3-BF4B-00C04F79EFBC}") = "CommonLayer", "CommonLayer\CommonLayer.csproj", "{37EDCC82-D4A1-4631-9F6F-565B347843FA}"
EndProject
Project("{FAE04EC0-301F-11D3-BF4B-00C04F79EFBC}") = "RepoLayer", "RepoLayer\RepoLayer.csproj", "{CFC721B9-8B09-45B3-B158-11BB823A491E}"
EndProject
Global
	GlobalSection(SolutionConfigurationPlatforms) = preSolution
		Debug|Any CPU = Debug|Any CPU
		Release|Any CPU = Release|Any CPU
	EndGlobalSection
	GlobalSection(ProjectConfigurationPlatforms) = postSolution
		{A05496C0-6798-436B-9C67-FAD627FEC976}.Debug|Any CPU.ActiveCfg = Debug|Any CPU
		{A05496C0-6798-436B-9C67-FAD627FEC976}.Debug|Any CPU.Build.0 = Debug|Any CPU
		{A05496C0-6798-436B-9C67-FAD627FEC976}.Release|Any CPU.ActiveCfg = Release|Any CPU
		{A05496C0-6798-436B-9C67-FAD627FEC976}.Release|Any CPU.Build.0 = Release|Any CPU
		{8A0AF417-D654-4A47-A903-9E110D8917AC}.Debug|Any CPU.ActiveCfg = Debug|Any CPU
		{8A0AF417-D654-4A47-A903-9E110D8917AC}.Debug|Any CPU.Build.0 = Debug|Any CPU
		{8A0AF417-D654-4A47-A903-9E110D8917AC}.Release|Any CPU.ActiveCfg = Release|Any CPU
		{8A0AF417-D654-4A47-A903-9E110D8917AC}.Release|Any CPU.Build.0 = Release|Any CPU
		{37EDCC82-D4A1-4631-9F6F-565B347843FA}.Debug|Any CPU.ActiveCfg = Debug|Any CPU
		{37EDCC82-D4A1-4631-9F6F-565B347843FA}.Debug|Any CPU.Build.0 = Debug|Any CPU
		{37EDCC82-D4A1-4631-9F6F-565B347843FA}.Release|Any CPU.ActiveCfg = Release|Any CPU
		{37EDCC82-D4A1-4631-9F6F-565B347843FA}.Release|Any CPU.Build.0 = Release|Any CPU
		{CFC721B9-8B09-45B3-B158-11BB823A491E}.Debug|Any CPU.ActiveCfg = Debug|Any CPU
		{CFC721B9-8B09-45B3-B158-11BB823A491E}.Debug|Any CPU.Build.0 = Debug|Any CPU
		{CFC721B9-8B09-45B3-B158-11BB823A491E}.Release|Any CPU.ActiveCfg = Release|Any CPU
		{CFC721B9-8B09-45B3-B158-11BB823A491E}.Release|Any CPU.Build.0 = Release|Any CPU
	EndGlobalSection
	GlobalSection(SolutionProperties) = preSolution
		HideSolutionNode = FALSE
	EndGlobalSection
	GlobalSection(ExtensibilityGlobals) = postSolution
		SolutionGuid = {459ECD05-E321-4BFD-8925-5731961A4D6E}
	EndGlobalSection
EndGlobal
