
Microsoft Visual Studio Solution File, Format Version 12.00
# Visual Studio Version 17
VisualStudioVersion = 17.6.33829.357
MinimumVisualStudioVersion = 10.0.40219.1
Project("{FAE04EC0-301F-11D3-BF4B-00C04F79EFBC}") = "BookStore.User", "BookStore.User\BookStore.User.csproj", "{D518FABC-760D-4AB7-B182-A8AC18336B09}"
EndProject
Global
	GlobalSection(SolutionConfigurationPlatforms) = preSolution
		Debug|Any CPU = Debug|Any CPU
		Release|Any CPU = Release|Any CPU
	EndGlobalSection
	GlobalSection(ProjectConfigurationPlatforms) = postSolution
		{D518FABC-760D-4AB7-B182-A8AC18336B09}.Debug|Any CPU.ActiveCfg = Debug|Any CPU
		{D518FABC-760D-4AB7-B182-A8AC18336B09}.Debug|Any CPU.Build.0 = Debug|Any CPU
		{D518FABC-760D-4AB7-B182-A8AC18336B09}.Release|Any CPU.ActiveCfg = Release|Any CPU
		{D518FABC-760D-4AB7-B182-A8AC18336B09}.Release|Any CPU.Build.0 = Release|Any CPU
	EndGlobalSection
	GlobalSection(SolutionProperties) = preSolution
		HideSolutionNode = FALSE
	EndGlobalSection
	GlobalSection(ExtensibilityGlobals) = postSolution
		SolutionGuid = {A198820C-579B-4E03-A971-655D9DE0763E}
	EndGlobalSection
EndGlobal
