
Microsoft Visual Studio Solution File, Format Version 12.00
# Visual Studio Version 17
VisualStudioVersion = 17.6.33829.357
MinimumVisualStudioVersion = 10.0.40219.1
Project("{FAE04EC0-301F-11D3-BF4B-00C04F79EFBC}") = "BookStore.Orders", "BookStore.Orders\BookStore.Orders.csproj", "{9CFC3291-9965-4C2C-BC16-7EEE45AF3412}"
EndProject
Global
	GlobalSection(SolutionConfigurationPlatforms) = preSolution
		Debug|Any CPU = Debug|Any CPU
		Release|Any CPU = Release|Any CPU
	EndGlobalSection
	GlobalSection(ProjectConfigurationPlatforms) = postSolution
		{9CFC3291-9965-4C2C-BC16-7EEE45AF3412}.Debug|Any CPU.ActiveCfg = Debug|Any CPU
		{9CFC3291-9965-4C2C-BC16-7EEE45AF3412}.Debug|Any CPU.Build.0 = Debug|Any CPU
		{9CFC3291-9965-4C2C-BC16-7EEE45AF3412}.Release|Any CPU.ActiveCfg = Release|Any CPU
		{9CFC3291-9965-4C2C-BC16-7EEE45AF3412}.Release|Any CPU.Build.0 = Release|Any CPU
	EndGlobalSection
	GlobalSection(SolutionProperties) = preSolution
		HideSolutionNode = FALSE
	EndGlobalSection
	GlobalSection(ExtensibilityGlobals) = postSolution
		SolutionGuid = {7AC47734-068B-40DA-A865-C129078B656A}
	EndGlobalSection
EndGlobal
